
Microsoft Visual Studio Solution File, Format Version 12.00
# Visual Studio 15
VisualStudioVersion = 15.0.28010.2046
MinimumVisualStudioVersion = 10.0.40219.1
Project("{888888A0-9F3D-457C-B088-3A5042F75D52}") = "mtcnn_facenet", "mtcnn_facenet\mtcnn_facenet.pyproj", "{33903556-08A4-4749-8AE7-4C62185C772C}"
EndProject
Global
	GlobalSection(SolutionConfigurationPlatforms) = preSolution
		Debug|Any CPU = Debug|Any CPU
		Release|Any CPU = Release|Any CPU
	EndGlobalSection
	GlobalSection(ProjectConfigurationPlatforms) = postSolution
		{33903556-08A4-4749-8AE7-4C62185C772C}.Debug|Any CPU.ActiveCfg = Debug|Any CPU
		{33903556-08A4-4749-8AE7-4C62185C772C}.Release|Any CPU.ActiveCfg = Release|Any CPU
	EndGlobalSection
	GlobalSection(SolutionProperties) = preSolution
		HideSolutionNode = FALSE
	EndGlobalSection
	GlobalSection(ExtensibilityGlobals) = postSolution
		SolutionGuid = {3B6FACAA-6B1A-4FC0-9315-DD25BBC3177F}
	EndGlobalSection
EndGlobal
